id: mer_probe_pj_cf
label: Probe Phase Jitter Error
category: '[mer]'

templates:
  imports: import mer
  make: mer.probe_pj_cf(${symbol_table}, ${alpha})

parameters:
- id: symbol_table
  label: Symbol Table
  dtype: complex_vector
- id: alpha
  label: Alpha
  dtype: float
  
inputs:
- label: in
  dtype: complex

outputs:
- label: phase_jitter
  dtype: float
- label: snr
  dtype: float
- label: pj_msg
  domain: message
  optional: 1
- label: snr_msg
  domain: message
  optional: 3

file_format: 1
